
Microsoft Visual Studio Solution File, Format Version 12.00
# Visual Studio 15
VisualStudioVersion = 15.0.28010.2036
MinimumVisualStudioVersion = 10.0.40219.1
Project("{FAE04EC0-301F-11D3-BF4B-00C04F79EFBC}") = "ElasticSearch_Init_Datas_Console", "ElasticSearch_Init_Datas_Console\ElasticSearch_Init_Datas_Console.csproj", "{254D106D-5582-47D6-91EA-D74EA8B60C6F}"
EndProject
Project("{FAE04EC0-301F-11D3-BF4B-00C04F79EFBC}") = "ElasticeSearch_Service", "ElasticeSearch_Service\ElasticeSearch_Service.csproj", "{225A8E2A-F20F-42FA-8092-95175EFC5982}"
EndProject
Global
	GlobalSection(SolutionConfigurationPlatforms) = preSolution
		Debug|Any CPU = Debug|Any CPU
		Release|Any CPU = Release|Any CPU
	EndGlobalSection
	GlobalSection(ProjectConfigurationPlatforms) = postSolution
		{254D106D-5582-47D6-91EA-D74EA8B60C6F}.Debug|Any CPU.ActiveCfg = Debug|Any CPU
		{254D106D-5582-47D6-91EA-D74EA8B60C6F}.Debug|Any CPU.Build.0 = Debug|Any CPU
		{254D106D-5582-47D6-91EA-D74EA8B60C6F}.Release|Any CPU.ActiveCfg = Release|Any CPU
		{254D106D-5582-47D6-91EA-D74EA8B60C6F}.Release|Any CPU.Build.0 = Release|Any CPU
		{225A8E2A-F20F-42FA-8092-95175EFC5982}.Debug|Any CPU.ActiveCfg = Debug|Any CPU
		{225A8E2A-F20F-42FA-8092-95175EFC5982}.Debug|Any CPU.Build.0 = Debug|Any CPU
		{225A8E2A-F20F-42FA-8092-95175EFC5982}.Release|Any CPU.ActiveCfg = Release|Any CPU
		{225A8E2A-F20F-42FA-8092-95175EFC5982}.Release|Any CPU.Build.0 = Release|Any CPU
	EndGlobalSection
	GlobalSection(SolutionProperties) = preSolution
		HideSolutionNode = FALSE
	EndGlobalSection
	GlobalSection(ExtensibilityGlobals) = postSolution
		SolutionGuid = {F781BEDB-7F02-4677-B266-54EA02330A14}
	EndGlobalSection
EndGlobal
